
Microsoft Visual Studio Solution File, Format Version 12.00
# Visual Studio Version 16
VisualStudioVersion = 16.0.29215.179
MinimumVisualStudioVersion = 10.0.40219.1
Project("{FAE04EC0-301F-11D3-BF4B-00C04F79EFBC}") = "Lab 2 IT 2030 INanavaty", "Lab 2 IT 2030 INanavaty\Lab 2 IT 2030 INanavaty.csproj", "{335ACDF4-4F5E-4038-9F18-218E4D4F50B4}"
EndProject
Global
	GlobalSection(SolutionConfigurationPlatforms) = preSolution
		Debug|Any CPU = Debug|Any CPU
		Release|Any CPU = Release|Any CPU
	EndGlobalSection
	GlobalSection(ProjectConfigurationPlatforms) = postSolution
		{335ACDF4-4F5E-4038-9F18-218E4D4F50B4}.Debug|Any CPU.ActiveCfg = Debug|Any CPU
		{335ACDF4-4F5E-4038-9F18-218E4D4F50B4}.Debug|Any CPU.Build.0 = Debug|Any CPU
		{335ACDF4-4F5E-4038-9F18-218E4D4F50B4}.Release|Any CPU.ActiveCfg = Release|Any CPU
		{335ACDF4-4F5E-4038-9F18-218E4D4F50B4}.Release|Any CPU.Build.0 = Release|Any CPU
	EndGlobalSection
	GlobalSection(SolutionProperties) = preSolution
		HideSolutionNode = FALSE
	EndGlobalSection
	GlobalSection(ExtensibilityGlobals) = postSolution
		SolutionGuid = {FA73B57B-A254-4FB7-B5D4-E432C707E7CA}
	EndGlobalSection
EndGlobal
